
Microsoft Visual Studio Solution File, Format Version 12.00
# Visual Studio 15
VisualStudioVersion = 15.0.26730.15
MinimumVisualStudioVersion = 10.0.40219.1
Project("{FAE04EC0-301F-11D3-BF4B-00C04F79EFBC}") = "OrleansServer", "OrleansServer\OrleansServer.csproj", "{8ABE00AE-59C5-44A4-BC85-FE042B1D0B96}"
EndProject
Project("{FAE04EC0-301F-11D3-BF4B-00C04F79EFBC}") = "OrleansClient", "OrleansClient\OrleansClient.csproj", "{2B23494F-2A38-4A4B-BF07-CFCCA68CEFF5}"
EndProject
Project("{FAE04EC0-301F-11D3-BF4B-00C04F79EFBC}") = "GrainsLibrary", "GrainsLibrary\GrainsLibrary.csproj", "{1408D767-C304-44B0-9497-2EEFFA911ADD}"
EndProject
Project("{FAE04EC0-301F-11D3-BF4B-00C04F79EFBC}") = "OrleansServerSecondary", "OrleansServerSecondary\OrleansServerSecondary.csproj", "{34E10E0D-5314-4F93-B87E-7A52EA075908}"
EndProject
Project("{FAE04EC0-301F-11D3-BF4B-00C04F79EFBC}") = "ThirdOrleans", "ThirdOrleans\ThirdOrleans.csproj", "{8BE5C78F-EB45-410E-8C64-F7439639AFA5}"
EndProject
Global
	GlobalSection(SolutionConfigurationPlatforms) = preSolution
		Debug|Any CPU = Debug|Any CPU
		Release|Any CPU = Release|Any CPU
	EndGlobalSection
	GlobalSection(ProjectConfigurationPlatforms) = postSolution
		{8ABE00AE-59C5-44A4-BC85-FE042B1D0B96}.Debug|Any CPU.ActiveCfg = Debug|Any CPU
		{8ABE00AE-59C5-44A4-BC85-FE042B1D0B96}.Debug|Any CPU.Build.0 = Debug|Any CPU
		{8ABE00AE-59C5-44A4-BC85-FE042B1D0B96}.Release|Any CPU.ActiveCfg = Release|Any CPU
		{8ABE00AE-59C5-44A4-BC85-FE042B1D0B96}.Release|Any CPU.Build.0 = Release|Any CPU
		{2B23494F-2A38-4A4B-BF07-CFCCA68CEFF5}.Debug|Any CPU.ActiveCfg = Debug|Any CPU
		{2B23494F-2A38-4A4B-BF07-CFCCA68CEFF5}.Debug|Any CPU.Build.0 = Debug|Any CPU
		{2B23494F-2A38-4A4B-BF07-CFCCA68CEFF5}.Release|Any CPU.ActiveCfg = Release|Any CPU
		{2B23494F-2A38-4A4B-BF07-CFCCA68CEFF5}.Release|Any CPU.Build.0 = Release|Any CPU
		{1408D767-C304-44B0-9497-2EEFFA911ADD}.Debug|Any CPU.ActiveCfg = Debug|Any CPU
		{1408D767-C304-44B0-9497-2EEFFA911ADD}.Debug|Any CPU.Build.0 = Debug|Any CPU
		{1408D767-C304-44B0-9497-2EEFFA911ADD}.Release|Any CPU.ActiveCfg = Release|Any CPU
		{1408D767-C304-44B0-9497-2EEFFA911ADD}.Release|Any CPU.Build.0 = Release|Any CPU
		{34E10E0D-5314-4F93-B87E-7A52EA075908}.Debug|Any CPU.ActiveCfg = Debug|Any CPU
		{34E10E0D-5314-4F93-B87E-7A52EA075908}.Debug|Any CPU.Build.0 = Debug|Any CPU
		{34E10E0D-5314-4F93-B87E-7A52EA075908}.Release|Any CPU.ActiveCfg = Release|Any CPU
		{34E10E0D-5314-4F93-B87E-7A52EA075908}.Release|Any CPU.Build.0 = Release|Any CPU
		{8BE5C78F-EB45-410E-8C64-F7439639AFA5}.Debug|Any CPU.ActiveCfg = Debug|Any CPU
		{8BE5C78F-EB45-410E-8C64-F7439639AFA5}.Debug|Any CPU.Build.0 = Debug|Any CPU
		{8BE5C78F-EB45-410E-8C64-F7439639AFA5}.Release|Any CPU.ActiveCfg = Release|Any CPU
		{8BE5C78F-EB45-410E-8C64-F7439639AFA5}.Release|Any CPU.Build.0 = Release|Any CPU
	EndGlobalSection
	GlobalSection(SolutionProperties) = preSolution
		HideSolutionNode = FALSE
	EndGlobalSection
	GlobalSection(ExtensibilityGlobals) = postSolution
		SolutionGuid = {80297306-3678-4D05-B09E-73A9E7AC94EB}
	EndGlobalSection
EndGlobal
